// !$*UTF8*$!
{
	archiveVersion = 1;
	classes = {
	};
	objectVersion = 46;
	objects = {

/* Begin PBXBuildFile section */
		3A0197661343BD7200B40E81 /* EveDownload.m in Sources */ = {isa = PBXBuildFile; fileRef = 3A0197651343BD7200B40E81 /* EveDownload.m */; };
		3A286A7D135FFD0E0089D6DB /* SQLView.m in Sources */ = {isa = PBXBuildFile; fileRef = 3A286A7C135FFD0E0089D6DB /* SQLView.m */; };
		3A28FC3E1361727800B251C6 /* libsqlite3.dylib in Frameworks */ = {isa = PBXBuildFile; fileRef = 3A28FC3D1361727800B251C6 /* libsqlite3.dylib */; };
		3A5897B9136594F30064CEB8 /* evedump_notrans_nomaps.db in Resources */ = {isa = PBXBuildFile; fileRef = 3A5897B8136594F30064CEB8 /* evedump_notrans_nomaps.db */; };
		3A7615E0135ED4FD005A191C /* evedump.db in Resources */ = {isa = PBXBuildFile; fileRef = 3A7615DF135ED4FD005A191C /* evedump.db */; };
		3A7615E2135ED59D005A191C /* DumpNavigator.xib in Resources */ = {isa = PBXBuildFile; fileRef = 3A7615E1135ED59D005A191C /* DumpNavigator.xib */; };
		3A7615E5135ED6E4005A191C /* DumpNavigatorDelegate.m in Sources */ = {isa = PBXBuildFile; fileRef = 3A7615E4135ED6E4005A191C /* DumpNavigatorDelegate.m */; };
		3A7EA09A1364FF59002DCB5E /* SQLTable.m in Sources */ = {isa = PBXBuildFile; fileRef = 3A7EA0991364FF59002DCB5E /* SQLTable.m */; };
		3AA8544A1361016F0099C073 /* SQLMutableTable.m in Sources */ = {isa = PBXBuildFile; fileRef = 3AA854491361016F0099C073 /* SQLMutableTable.m */; };
		3AF0C5E9134FDAB500E47914 /* SQLBridge.m in Sources */ = {isa = PBXBuildFile; fileRef = 3AF0C5E8134FDAB500E47914 /* SQLBridge.m */; };
		525B8A8A133BEB52006A3728 /* Cocoa.framework in Frameworks */ = {isa = PBXBuildFile; fileRef = 525B8A89133BEB52006A3728 /* Cocoa.framework */; };
		525B8A94133BEB52006A3728 /* InfoPlist.strings in Resources */ = {isa = PBXBuildFile; fileRef = 525B8A92133BEB52006A3728 /* InfoPlist.strings */; };
		525B8A97133BEB52006A3728 /* main.m in Sources */ = {isa = PBXBuildFile; fileRef = 525B8A96133BEB52006A3728 /* main.m */; };
		525B8A9A133BEB52006A3728 /* Credits.rtf in Resources */ = {isa = PBXBuildFile; fileRef = 525B8A98133BEB52006A3728 /* Credits.rtf */; };
		525B8A9D133BEB52006A3728 /* MacEFTAppDelegate.m in Sources */ = {isa = PBXBuildFile; fileRef = 525B8A9C133BEB52006A3728 /* MacEFTAppDelegate.m */; };
		525B8AA0133BEB52006A3728 /* MainMenu.xib in Resources */ = {isa = PBXBuildFile; fileRef = 525B8A9E133BEB52006A3728 /* MainMenu.xib */; };
		525B8AA7133BEB52006A3728 /* Cocoa.framework in Frameworks */ = {isa = PBXBuildFile; fileRef = 525B8A89133BEB52006A3728 /* Cocoa.framework */; };
		525B8AAF133BEB52006A3728 /* InfoPlist.strings in Resources */ = {isa = PBXBuildFile; fileRef = 525B8AAD133BEB52006A3728 /* InfoPlist.strings */; };
		525B8AB2133BEB52006A3728 /* MacEFTTests.h in Resources */ = {isa = PBXBuildFile; fileRef = 525B8AB1133BEB52006A3728 /* MacEFTTests.h */; };
		525B8AB4133BEB52006A3728 /* MacEFTTests.m in Sources */ = {isa = PBXBuildFile; fileRef = 525B8AB3133BEB52006A3728 /* MacEFTTests.m */; };
		525B8ABF133BEBC1006A3728 /* README in Resources */ = {isa = PBXBuildFile; fileRef = 525B8ABE133BEBC1006A3728 /* README */; };
		525C81371340FDCF008316B7 /* EveAPIResult.m in Sources */ = {isa = PBXBuildFile; fileRef = 525C81361340FDCE008316B7 /* EveAPIResult.m */; };
		526ED099133E3FE900F26046 /* EveAccount.m in Sources */ = {isa = PBXBuildFile; fileRef = 526ED098133E3FE900F26046 /* EveAccount.m */; };
		526ED09C133E3FF400F26046 /* EveCharacter.m in Sources */ = {isa = PBXBuildFile; fileRef = 526ED09B133E3FF400F26046 /* EveCharacter.m */; };
		526ED09F133E401800F26046 /* EveObject.m in Sources */ = {isa = PBXBuildFile; fileRef = 526ED09E133E401800F26046 /* EveObject.m */; };
		526ED0A2133E402F00F26046 /* EveShip.m in Sources */ = {isa = PBXBuildFile; fileRef = 526ED0A1133E402E00F26046 /* EveShip.m */; };
		526ED0A5133E403A00F26046 /* EveModule.m in Sources */ = {isa = PBXBuildFile; fileRef = 526ED0A4133E403A00F26046 /* EveModule.m */; };
		526ED0A8133E404500F26046 /* EveCharge.m in Sources */ = {isa = PBXBuildFile; fileRef = 526ED0A7133E404500F26046 /* EveCharge.m */; };
		527917C5133FA9B9009C694C /* EveSkill.m in Sources */ = {isa = PBXBuildFile; fileRef = 527917C4133FA9B9009C694C /* EveSkill.m */; };
		527917C9133FAB9F009C694C /* EveCorporation.m in Sources */ = {isa = PBXBuildFile; fileRef = 527917C8133FAB9E009C694C /* EveCorporation.m */; };
		527917CC133FABA7009C694C /* EveAlliance.m in Sources */ = {isa = PBXBuildFile; fileRef = 527917CB133FABA7009C694C /* EveAlliance.m */; };
		527917D0133FAD16009C694C /* EveAPI.m in Sources */ = {isa = PBXBuildFile; fileRef = 527917CF133FAD16009C694C /* EveAPI.m */; };
		5279180B133FB058009C694C /* LICENSE in Resources */ = {isa = PBXBuildFile; fileRef = 5279180A133FB058009C694C /* LICENSE */; };
/* End PBXBuildFile section */

/* Begin PBXContainerItemProxy section */
		525B8AA8133BEB52006A3728 /* PBXContainerItemProxy */ = {
			isa = PBXContainerItemProxy;
			containerPortal = 525B8A7C133BEB51006A3728 /* Project object */;
			proxyType = 1;
			remoteGlobalIDString = 525B8A84133BEB52006A3728;
			remoteInfo = MacEFT;
		};
/* End PBXContainerItemProxy section */

/* Begin PBXFileReference section */
		3A0197641343BD7200B40E81 /* EveDownload.h */ = {isa = PBXFileReference; fileEncoding = 4; lastKnownFileType = sourcecode.c.h; path = EveDownload.h; sourceTree = "<group>"; };
		3A0197651343BD7200B40E81 /* EveDownload.m */ = {isa = PBXFileReference; fileEncoding = 4; lastKnownFileType = sourcecode.c.objc; path = EveDownload.m; sourceTree = "<group>"; };
		3A286A7B135FFD0E0089D6DB /* SQLView.h */ = {isa = PBXFileReference; fileEncoding = 4; lastKnownFileType = sourcecode.c.h; path = SQLView.h; sourceTree = "<group>"; };
		3A286A7C135FFD0E0089D6DB /* SQLView.m */ = {isa = PBXFileReference; fileEncoding = 4; lastKnownFileType = sourcecode.c.objc; path = SQLView.m; sourceTree = "<group>"; };
		3A28FC3D1361727800B251C6 /* libsqlite3.dylib */ = {isa = PBXFileReference; lastKnownFileType = "compiled.mach-o.dylib"; name = libsqlite3.dylib; path = ../../../../usr/lib/libsqlite3.dylib; sourceTree = "<group>"; };
		3A5897B8136594F30064CEB8 /* evedump_notrans_nomaps.db */ = {isa = PBXFileReference; lastKnownFileType = file; name = evedump_notrans_nomaps.db; path = MacEFT/evedump_notrans_nomaps.db; sourceTree = "<group>"; };
		3A7615DF135ED4FD005A191C /* evedump.db */ = {isa = PBXFileReference; lastKnownFileType = file; name = evedump.db; path = MacEFT/evedump.db; sourceTree = "<group>"; };
		3A7615E1135ED59D005A191C /* DumpNavigator.xib */ = {isa = PBXFileReference; fileEncoding = 4; lastKnownFileType = file.xib; path = DumpNavigator.xib; sourceTree = "<group>"; };
		3A7615E3135ED6E4005A191C /* DumpNavigatorDelegate.h */ = {isa = PBXFileReference; fileEncoding = 4; lastKnownFileType = sourcecode.c.h; path = DumpNavigatorDelegate.h; sourceTree = "<group>"; };
		3A7615E4135ED6E4005A191C /* DumpNavigatorDelegate.m */ = {isa = PBXFileReference; fileEncoding = 4; lastKnownFileType = sourcecode.c.objc; path = DumpNavigatorDelegate.m; sourceTree = "<group>"; };
		3A7EA0971364FEE1002DCB5E /* SQLMutableTable.h */ = {isa = PBXFileReference; fileEncoding = 4; lastKnownFileType = sourcecode.c.h; path = SQLMutableTable.h; sourceTree = "<group>"; };
		3A7EA0981364FF59002DCB5E /* SQLTable.h */ = {isa = PBXFileReference; fileEncoding = 4; lastKnownFileType = sourcecode.c.h; path = SQLTable.h; sourceTree = "<group>"; };
		3A7EA0991364FF59002DCB5E /* SQLTable.m */ = {isa = PBXFileReference; fileEncoding = 4; lastKnownFileType = sourcecode.c.objc; path = SQLTable.m; sourceTree = "<group>"; };
		3A7EA09B13650448002DCB5E /* SQLBridge_object.h */ = {isa = PBXFileReference; fileEncoding = 4; lastKnownFileType = sourcecode.c.h; path = SQLBridge_object.h; sourceTree = "<group>"; };
		3AA854491361016F0099C073 /* SQLMutableTable.m */ = {isa = PBXFileReference; fileEncoding = 4; lastKnownFileType = sourcecode.c.objc; path = SQLMutableTable.m; sourceTree = "<group>"; };
		3AF0C5E7134FDAB500E47914 /* SQLBridge.h */ = {isa = PBXFileReference; fileEncoding = 4; lastKnownFileType = sourcecode.c.h; path = SQLBridge.h; sourceTree = "<group>"; };
		3AF0C5E8134FDAB500E47914 /* SQLBridge.m */ = {isa = PBXFileReference; fileEncoding = 4; lastKnownFileType = sourcecode.c.objc; path = SQLBridge.m; sourceTree = "<group>"; };
		525B8A85133BEB52006A3728 /* MacEFT.app */ = {isa = PBXFileReference; explicitFileType = wrapper.application; includeInIndex = 0; path = MacEFT.app; sourceTree = BUILT_PRODUCTS_DIR; };
		525B8A89133BEB52006A3728 /* Cocoa.framework */ = {isa = PBXFileReference; lastKnownFileType = wrapper.framework; name = Cocoa.framework; path = System/Library/Frameworks/Cocoa.framework; sourceTree = SDKROOT; };
		525B8A8C133BEB52006A3728 /* AppKit.framework */ = {isa = PBXFileReference; lastKnownFileType = wrapper.framework; name = AppKit.framework; path = System/Library/Frameworks/AppKit.framework; sourceTree = SDKROOT; };
		525B8A8D133BEB52006A3728 /* CoreData.framework */ = {isa = PBXFileReference; lastKnownFileType = wrapper.framework; name = CoreData.framework; path = System/Library/Frameworks/CoreData.framework; sourceTree = SDKROOT; };
		525B8A8E133BEB52006A3728 /* Foundation.framework */ = {isa = PBXFileReference; lastKnownFileType = wrapper.framework; name = Foundation.framework; path = System/Library/Frameworks/Foundation.framework; sourceTree = SDKROOT; };
		525B8A91133BEB52006A3728 /* MacEFT-Info.plist */ = {isa = PBXFileReference; lastKnownFileType = text.plist.xml; path = "MacEFT-Info.plist"; sourceTree = "<group>"; };
		525B8A93133BEB52006A3728 /* en */ = {isa = PBXFileReference; lastKnownFileType = text.plist.strings; name = en; path = en.lproj/InfoPlist.strings; sourceTree = "<group>"; };
		525B8A95133BEB52006A3728 /* MacEFT-Prefix.pch */ = {isa = PBXFileReference; lastKnownFileType = sourcecode.c.h; path = "MacEFT-Prefix.pch"; sourceTree = "<group>"; };
		525B8A96133BEB52006A3728 /* main.m */ = {isa = PBXFileReference; lastKnownFileType = sourcecode.c.objc; path = main.m; sourceTree = "<group>"; };
		525B8A99133BEB52006A3728 /* en */ = {isa = PBXFileReference; lastKnownFileType = text.rtf; name = en; path = en.lproj/Credits.rtf; sourceTree = "<group>"; };
		525B8A9B133BEB52006A3728 /* MacEFTAppDelegate.h */ = {isa = PBXFileReference; lastKnownFileType = sourcecode.c.h; path = MacEFTAppDelegate.h; sourceTree = "<group>"; };
		525B8A9C133BEB52006A3728 /* MacEFTAppDelegate.m */ = {isa = PBXFileReference; lastKnownFileType = sourcecode.c.objc; path = MacEFTAppDelegate.m; sourceTree = "<group>"; };
		525B8A9F133BEB52006A3728 /* en */ = {isa = PBXFileReference; lastKnownFileType = file.xib; name = en; path = en.lproj/MainMenu.xib; sourceTree = "<group>"; };
		525B8AA6133BEB52006A3728 /* MacEFTTests.octest */ = {isa = PBXFileReference; explicitFileType = wrapper.cfbundle; includeInIndex = 0; path = MacEFTTests.octest; sourceTree = BUILT_PRODUCTS_DIR; };
		525B8AAC133BEB52006A3728 /* MacEFTTests-Info.plist */ = {isa = PBXFileReference; lastKnownFileType = text.plist.xml; path = "MacEFTTests-Info.plist"; sourceTree = "<group>"; };
		525B8AAE133BEB52006A3728 /* en */ = {isa = PBXFileReference; lastKnownFileType = text.plist.strings; name = en; path = en.lproj/InfoPlist.strings; sourceTree = "<group>"; };
		525B8AB0133BEB52006A3728 /* MacEFTTests-Prefix.pch */ = {isa = PBXFileReference; lastKnownFileType = sourcecode.c.h; path = "MacEFTTests-Prefix.pch"; sourceTree = "<group>"; };
		525B8AB1133BEB52006A3728 /* MacEFTTests.h */ = {isa = PBXFileReference; lastKnownFileType = sourcecode.c.h; path = MacEFTTests.h; sourceTree = "<group>"; };
		525B8AB3133BEB52006A3728 /* MacEFTTests.m */ = {isa = PBXFileReference; lastKnownFileType = sourcecode.c.objc; path = MacEFTTests.m; sourceTree = "<group>"; };
		525B8ABE133BEBC1006A3728 /* README */ = {isa = PBXFileReference; fileEncoding = 4; lastKnownFileType = text; path = README; sourceTree = "<group>"; };
		525C81351340FDCE008316B7 /* EveAPIResult.h */ = {isa = PBXFileReference; fileEncoding = 4; lastKnownFileType = sourcecode.c.h; path = EveAPIResult.h; sourceTree = "<group>"; };
		525C81361340FDCE008316B7 /* EveAPIResult.m */ = {isa = PBXFileReference; fileEncoding = 4; lastKnownFileType = sourcecode.c.objc; path = EveAPIResult.m; sourceTree = "<group>"; };
		526ED097133E3FE900F26046 /* EveAccount.h */ = {isa = PBXFileReference; fileEncoding = 4; path = EveAccount.h; sourceTree = "<group>"; };
		526ED098133E3FE900F26046 /* EveAccount.m */ = {isa = PBXFileReference; fileEncoding = 4; lastKnownFileType = sourcecode.c.objc; path = EveAccount.m; sourceTree = "<group>"; };
		526ED09A133E3FF400F26046 /* EveCharacter.h */ = {isa = PBXFileReference; fileEncoding = 4; path = EveCharacter.h; sourceTree = "<group>"; };
		526ED09B133E3FF400F26046 /* EveCharacter.m */ = {isa = PBXFileReference; fileEncoding = 4; lastKnownFileType = sourcecode.c.objc; path = EveCharacter.m; sourceTree = "<group>"; };
		526ED09D133E401800F26046 /* EveObject.h */ = {isa = PBXFileReference; fileEncoding = 4; lastKnownFileType = sourcecode.c.h; path = EveObject.h; sourceTree = "<group>"; };
		526ED09E133E401800F26046 /* EveObject.m */ = {isa = PBXFileReference; fileEncoding = 4; lastKnownFileType = sourcecode.c.objc; path = EveObject.m; sourceTree = "<group>"; };
		526ED0A0133E402E00F26046 /* EveShip.h */ = {isa = PBXFileReference; fileEncoding = 4; lastKnownFileType = sourcecode.c.h; path = EveShip.h; sourceTree = "<group>"; };
		526ED0A1133E402E00F26046 /* EveShip.m */ = {isa = PBXFileReference; fileEncoding = 4; lastKnownFileType = sourcecode.c.objc; path = EveShip.m; sourceTree = "<group>"; };
		526ED0A3133E403A00F26046 /* EveModule.h */ = {isa = PBXFileReference; fileEncoding = 4; lastKnownFileType = sourcecode.c.h; path = EveModule.h; sourceTree = "<group>"; };
		526ED0A4133E403A00F26046 /* EveModule.m */ = {isa = PBXFileReference; fileEncoding = 4; lastKnownFileType = sourcecode.c.objc; path = EveModule.m; sourceTree = "<group>"; };
		526ED0A6133E404500F26046 /* EveCharge.h */ = {isa = PBXFileReference; fileEncoding = 4; lastKnownFileType = sourcecode.c.h; path = EveCharge.h; sourceTree = "<group>"; };
		526ED0A7133E404500F26046 /* EveCharge.m */ = {isa = PBXFileReference; fileEncoding = 4; lastKnownFileType = sourcecode.c.objc; path = EveCharge.m; sourceTree = "<group>"; };
		527917C3133FA9B9009C694C /* EveSkill.h */ = {isa = PBXFileReference; fileEncoding = 4; path = EveSkill.h; sourceTree = "<group>"; };
		527917C4133FA9B9009C694C /* EveSkill.m */ = {isa = PBXFileReference; fileEncoding = 4; lastKnownFileType = sourcecode.c.objc; path = EveSkill.m; sourceTree = "<group>"; };
		527917C7133FAB9E009C694C /* EveCorporation.h */ = {isa = PBXFileReference; fileEncoding = 4; lastKnownFileType = sourcecode.c.h; path = EveCorporation.h; sourceTree = "<group>"; };
		527917C8133FAB9E009C694C /* EveCorporation.m */ = {isa = PBXFileReference; fileEncoding = 4; lastKnownFileType = sourcecode.c.objc; path = EveCorporation.m; sourceTree = "<group>"; };
		527917CA133FABA7009C694C /* EveAlliance.h */ = {isa = PBXFileReference; fileEncoding = 4; lastKnownFileType = sourcecode.c.h; path = EveAlliance.h; sourceTree = "<group>"; };
		527917CB133FABA7009C694C /* EveAlliance.m */ = {isa = PBXFileReference; fileEncoding = 4; lastKnownFileType = sourcecode.c.objc; path = EveAlliance.m; sourceTree = "<group>"; };
		527917CE133FAD16009C694C /* EveAPI.h */ = {isa = PBXFileReference; fileEncoding = 4; lastKnownFileType = sourcecode.c.h; path = EveAPI.h; sourceTree = "<group>"; };
		527917CF133FAD16009C694C /* EveAPI.m */ = {isa = PBXFileReference; fileEncoding = 4; lastKnownFileType = sourcecode.c.objc; path = EveAPI.m; sourceTree = "<group>"; };
		5279180A133FB058009C694C /* LICENSE */ = {isa = PBXFileReference; fileEncoding = 4; lastKnownFileType = text; path = LICENSE; sourceTree = "<group>"; };
/* End PBXFileReference section */

/* Begin PBXFrameworksBuildPhase section */
		525B8A82133BEB52006A3728 /* Frameworks */ = {
			isa = PBXFrameworksBuildPhase;
			buildActionMask = 2147483647;
			files = (
				525B8A8A133BEB52006A3728 /* Cocoa.framework in Frameworks */,
				3A28FC3E1361727800B251C6 /* libsqlite3.dylib in Frameworks */,
			);
			runOnlyForDeploymentPostprocessing = 0;
		};
		525B8AA2133BEB52006A3728 /* Frameworks */ = {
			isa = PBXFrameworksBuildPhase;
			buildActionMask = 2147483647;
			files = (
				525B8AA7133BEB52006A3728 /* Cocoa.framework in Frameworks */,
			);
			runOnlyForDeploymentPostprocessing = 0;
		};
/* End PBXFrameworksBuildPhase section */

/* Begin PBXGroup section */
		3A2E95E3134AD7960060A8E0 /* SQLBridge */ = {
			isa = PBXGroup;
			children = (
				3AF0C5E7134FDAB500E47914 /* SQLBridge.h */,
				3AF0C5E8134FDAB500E47914 /* SQLBridge.m */,
				3A286A7B135FFD0E0089D6DB /* SQLView.h */,
				3A286A7C135FFD0E0089D6DB /* SQLView.m */,
				3A7EA0971364FEE1002DCB5E /* SQLMutableTable.h */,
				3AA854491361016F0099C073 /* SQLMutableTable.m */,
				3A7EA0981364FF59002DCB5E /* SQLTable.h */,
				3A7EA0991364FF59002DCB5E /* SQLTable.m */,
				3A7EA09B13650448002DCB5E /* SQLBridge_object.h */,
			);
			name = SQLBridge;
			sourceTree = "<group>";
		};
		525B8A7A133BEB51006A3728 = {
			isa = PBXGroup;
			children = (
				525B8ABD133BEBAD006A3728 /* Resources */,
				525B8A8F133BEB52006A3728 /* MacEFT */,
				525B8AAA133BEB52006A3728 /* MacEFTTests */,
				525B8A88133BEB52006A3728 /* Frameworks */,
				525B8A86133BEB52006A3728 /* Products */,
			);
			sourceTree = "<group>";
		};
		525B8A86133BEB52006A3728 /* Products */ = {
			isa = PBXGroup;
			children = (
				525B8A85133BEB52006A3728 /* MacEFT.app */,
				525B8AA6133BEB52006A3728 /* MacEFTTests.octest */,
			);
			name = Products;
			sourceTree = "<group>";
		};
		525B8A88133BEB52006A3728 /* Frameworks */ = {
			isa = PBXGroup;
			children = (
				3A28FC3D1361727800B251C6 /* libsqlite3.dylib */,
				525B8A89133BEB52006A3728 /* Cocoa.framework */,
				525B8A8B133BEB52006A3728 /* Other Frameworks */,
			);
			name = Frameworks;
			sourceTree = "<group>";
		};
		525B8A8B133BEB52006A3728 /* Other Frameworks */ = {
			isa = PBXGroup;
			children = (
				525B8A8C133BEB52006A3728 /* AppKit.framework */,
				525B8A8D133BEB52006A3728 /* CoreData.framework */,
				525B8A8E133BEB52006A3728 /* Foundation.framework */,
			);
			name = "Other Frameworks";
			sourceTree = "<group>";
		};
		525B8A8F133BEB52006A3728 /* MacEFT */ = {
			isa = PBXGroup;
			children = (
				527917CD133FACFE009C694C /* Utility */,
				526ED096133E3FA300F26046 /* model */,
				525B8A9B133BEB52006A3728 /* MacEFTAppDelegate.h */,
				525B8A9C133BEB52006A3728 /* MacEFTAppDelegate.m */,
				525B8A90133BEB52006A3728 /* Supporting Files */,
				3A7615E3135ED6E4005A191C /* DumpNavigatorDelegate.h */,
				3A7615E4135ED6E4005A191C /* DumpNavigatorDelegate.m */,
			);
			path = MacEFT;
			sourceTree = "<group>";
		};
		525B8A90133BEB52006A3728 /* Supporting Files */ = {
			isa = PBXGroup;
			children = (
				525B8A91133BEB52006A3728 /* MacEFT-Info.plist */,
				525B8A92133BEB52006A3728 /* InfoPlist.strings */,
				525B8A95133BEB52006A3728 /* MacEFT-Prefix.pch */,
				525B8A96133BEB52006A3728 /* main.m */,
				525B8A98133BEB52006A3728 /* Credits.rtf */,
			);
			name = "Supporting Files";
			sourceTree = "<group>";
		};
		525B8AAA133BEB52006A3728 /* MacEFTTests */ = {
			isa = PBXGroup;
			children = (
				525B8AB1133BEB52006A3728 /* MacEFTTests.h */,
				525B8AB3133BEB52006A3728 /* MacEFTTests.m */,
				525B8AAB133BEB52006A3728 /* Supporting Files */,
			);
			path = MacEFTTests;
			sourceTree = "<group>";
		};
		525B8AAB133BEB52006A3728 /* Supporting Files */ = {
			isa = PBXGroup;
			children = (
				525B8AAC133BEB52006A3728 /* MacEFTTests-Info.plist */,
				525B8AAD133BEB52006A3728 /* InfoPlist.strings */,
				525B8AB0133BEB52006A3728 /* MacEFTTests-Prefix.pch */,
			);
			name = "Supporting Files";
			sourceTree = "<group>";
		};
		525B8ABD133BEBAD006A3728 /* Resources */ = {
			isa = PBXGroup;
			children = (
				3A5897B8136594F30064CEB8 /* evedump_notrans_nomaps.db */,
				3A7615DF135ED4FD005A191C /* evedump.db */,
				526ED094133E3F2E00F26046 /* Windows */,
				525B8ABE133BEBC1006A3728 /* README */,
				5279180A133FB058009C694C /* LICENSE */,
			);
			name = Resources;
			sourceTree = "<group>";
		};
		526ED094133E3F2E00F26046 /* Windows */ = {
			isa = PBXGroup;
			children = (
				525B8A9E133BEB52006A3728 /* MainMenu.xib */,
				3A7615E1135ED59D005A191C /* DumpNavigator.xib */,
			);
			name = Windows;
			sourceTree = "<group>";
		};
		526ED096133E3FA300F26046 /* model */ = {
			isa = PBXGroup;
			children = (
				526ED097133E3FE900F26046 /* EveAccount.h */,
				526ED098133E3FE900F26046 /* EveAccount.m */,
				526ED09A133E3FF400F26046 /* EveCharacter.h */,
				526ED09B133E3FF400F26046 /* EveCharacter.m */,
				526ED09D133E401800F26046 /* EveObject.h */,
				526ED09E133E401800F26046 /* EveObject.m */,
				526ED0A0133E402E00F26046 /* EveShip.h */,
				526ED0A1133E402E00F26046 /* EveShip.m */,
				526ED0A3133E403A00F26046 /* EveModule.h */,
				526ED0A4133E403A00F26046 /* EveModule.m */,
				526ED0A6133E404500F26046 /* EveCharge.h */,
				526ED0A7133E404500F26046 /* EveCharge.m */,
				527917C3133FA9B9009C694C /* EveSkill.h */,
				527917C4133FA9B9009C694C /* EveSkill.m */,
				527917C7133FAB9E009C694C /* EveCorporation.h */,
				527917C8133FAB9E009C694C /* EveCorporation.m */,
				527917CA133FABA7009C694C /* EveAlliance.h */,
				527917CB133FABA7009C694C /* EveAlliance.m */,
			);
			name = model;
			sourceTree = "<group>";
		};
		527917CD133FACFE009C694C /* Utility */ = {
			isa = PBXGroup;
			children = (
				3A2E95E3134AD7960060A8E0 /* SQLBridge */,
				527917CE133FAD16009C694C /* EveAPI.h */,
				527917CF133FAD16009C694C /* EveAPI.m */,
				525C81351340FDCE008316B7 /* EveAPIResult.h */,
				525C81361340FDCE008316B7 /* EveAPIResult.m */,
				3A0197641343BD7200B40E81 /* EveDownload.h */,
				3A0197651343BD7200B40E81 /* EveDownload.m */,
			);
			name = Utility;
			sourceTree = "<group>";
		};
/* End PBXGroup section */

/* Begin PBXNativeTarget section */
		525B8A84133BEB52006A3728 /* MacEFT */ = {
			isa = PBXNativeTarget;
			buildConfigurationList = 525B8AB7133BEB52006A3728 /* Build configuration list for PBXNativeTarget "MacEFT" */;
			buildPhases = (
				525B8A81133BEB52006A3728 /* Sources */,
				525B8A82133BEB52006A3728 /* Frameworks */,
				525B8A83133BEB52006A3728 /* Resources */,
			);
			buildRules = (
			);
			dependencies = (
			);
			name = MacEFT;
			productName = MacEFT;
			productReference = 525B8A85133BEB52006A3728 /* MacEFT.app */;
			productType = "com.apple.product-type.application";
		};
		525B8AA5133BEB52006A3728 /* MacEFTTests */ = {
			isa = PBXNativeTarget;
			buildConfigurationList = 525B8ABA133BEB52006A3728 /* Build configuration list for PBXNativeTarget "MacEFTTests" */;
			buildPhases = (
				525B8AA1133BEB52006A3728 /* Sources */,
				525B8AA2133BEB52006A3728 /* Frameworks */,
				525B8AA3133BEB52006A3728 /* Resources */,
				525B8AA4133BEB52006A3728 /* ShellScript */,
			);
			buildRules = (
			);
			dependencies = (
				525B8AA9133BEB52006A3728 /* PBXTargetDependency */,
			);
			name = MacEFTTests;
			productName = MacEFTTests;
			productReference = 525B8AA6133BEB52006A3728 /* MacEFTTests.octest */;
			productType = "com.apple.product-type.bundle";
		};
/* End PBXNativeTarget section */

/* Begin PBXProject section */
		525B8A7C133BEB51006A3728 /* Project object */ = {
			isa = PBXProject;
			attributes = {
				ORGANIZATIONNAME = Netframe;
			};
			buildConfigurationList = 525B8A7F133BEB51006A3728 /* Build configuration list for PBXProject "MacEFT" */;
			compatibilityVersion = "Xcode 3.2";
			developmentRegion = English;
			hasScannedForEncodings = 0;
			knownRegions = (
				en,
			);
			mainGroup = 525B8A7A133BEB51006A3728;
			productRefGroup = 525B8A86133BEB52006A3728 /* Products */;
			projectDirPath = "";
			projectRoot = "";
			targets = (
				525B8A84133BEB52006A3728 /* MacEFT */,
				525B8AA5133BEB52006A3728 /* MacEFTTests */,
			);
		};
/* End PBXProject section */

/* Begin PBXResourcesBuildPhase section */
		525B8A83133BEB52006A3728 /* Resources */ = {
			isa = PBXResourcesBuildPhase;
			buildActionMask = 2147483647;
			files = (
				525B8A94133BEB52006A3728 /* InfoPlist.strings in Resources */,
				525B8A9A133BEB52006A3728 /* Credits.rtf in Resources */,
				525B8AA0133BEB52006A3728 /* MainMenu.xib in Resources */,
				525B8ABF133BEBC1006A3728 /* README in Resources */,
				5279180B133FB058009C694C /* LICENSE in Resources */,
				3A7615E0135ED4FD005A191C /* evedump.db in Resources */,
				3A7615E2135ED59D005A191C /* DumpNavigator.xib in Resources */,
				3A5897B9136594F30064CEB8 /* evedump_notrans_nomaps.db in Resources */,
			);
			runOnlyForDeploymentPostprocessing = 0;
		};
		525B8AA3133BEB52006A3728 /* Resources */ = {
			isa = PBXResourcesBuildPhase;
			buildActionMask = 2147483647;
			files = (
				525B8AAF133BEB52006A3728 /* InfoPlist.strings in Resources */,
				525B8AB2133BEB52006A3728 /* MacEFTTests.h in Resources */,
			);
			runOnlyForDeploymentPostprocessing = 0;
		};
/* End PBXResourcesBuildPhase section */

/* Begin PBXShellScriptBuildPhase section */
		525B8AA4133BEB52006A3728 /* ShellScript */ = {
			isa = PBXShellScriptBuildPhase;
			buildActionMask = 2147483647;
			files = (
			);
			inputPaths = (
			);
			outputPaths = (
			);
			runOnlyForDeploymentPostprocessing = 0;
			shellPath = /bin/sh;
			shellScript = "# Run the unit tests in this test bundle.\n\"${SYSTEM_DEVELOPER_DIR}/Tools/RunUnitTests\"\n";
		};
/* End PBXShellScriptBuildPhase section */

/* Begin PBXSourcesBuildPhase section */
		525B8A81133BEB52006A3728 /* Sources */ = {
			isa = PBXSourcesBuildPhase;
			buildActionMask = 2147483647;
			files = (
				525B8A97133BEB52006A3728 /* main.m in Sources */,
				525B8A9D133BEB52006A3728 /* MacEFTAppDelegate.m in Sources */,
				526ED099133E3FE900F26046 /* EveAccount.m in Sources */,
				526ED09C133E3FF400F26046 /* EveCharacter.m in Sources */,
				526ED09F133E401800F26046 /* EveObject.m in Sources */,
				526ED0A2133E402F00F26046 /* EveShip.m in Sources */,
				526ED0A5133E403A00F26046 /* EveModule.m in Sources */,
				526ED0A8133E404500F26046 /* EveCharge.m in Sources */,
				527917C5133FA9B9009C694C /* EveSkill.m in Sources */,
				527917C9133FAB9F009C694C /* EveCorporation.m in Sources */,
				527917CC133FABA7009C694C /* EveAlliance.m in Sources */,
				527917D0133FAD16009C694C /* EveAPI.m in Sources */,
				525C81371340FDCF008316B7 /* EveAPIResult.m in Sources */,
				3A0197661343BD7200B40E81 /* EveDownload.m in Sources */,
				3AF0C5E9134FDAB500E47914 /* SQLBridge.m in Sources */,
				3A7615E5135ED6E4005A191C /* DumpNavigatorDelegate.m in Sources */,
				3A286A7D135FFD0E0089D6DB /* SQLView.m in Sources */,
				3AA8544A1361016F0099C073 /* SQLMutableTable.m in Sources */,
				3A7EA09A1364FF59002DCB5E /* SQLTable.m in Sources */,
			);
			runOnlyForDeploymentPostprocessing = 0;
		};
		525B8AA1133BEB52006A3728 /* Sources */ = {
			isa = PBXSourcesBuildPhase;
			buildActionMask = 2147483647;
			files = (
				525B8AB4133BEB52006A3728 /* MacEFTTests.m in Sources */,
			);
			runOnlyForDeploymentPostprocessing = 0;
		};
/* End PBXSourcesBuildPhase section */

/* Begin PBXTargetDependency section */
		525B8AA9133BEB52006A3728 /* PBXTargetDependency */ = {
			isa = PBXTargetDependency;
			target = 525B8A84133BEB52006A3728 /* MacEFT */;
			targetProxy = 525B8AA8133BEB52006A3728 /* PBXContainerItemProxy */;
		};
/* End PBXTargetDependency section */

/* Begin PBXVariantGroup section */
		525B8A92133BEB52006A3728 /* InfoPlist.strings */ = {
			isa = PBXVariantGroup;
			children = (
				525B8A93133BEB52006A3728 /* en */,
			);
			name = InfoPlist.strings;
			sourceTree = "<group>";
		};
		525B8A98133BEB52006A3728 /* Credits.rtf */ = {
			isa = PBXVariantGroup;
			children = (
				525B8A99133BEB52006A3728 /* en */,
			);
			name = Credits.rtf;
			sourceTree = "<group>";
		};
		525B8A9E133BEB52006A3728 /* MainMenu.xib */ = {
			isa = PBXVariantGroup;
			children = (
				525B8A9F133BEB52006A3728 /* en */,
			);
			name = MainMenu.xib;
			path = MacEFT;
			sourceTree = "<group>";
		};
		525B8AAD133BEB52006A3728 /* InfoPlist.strings */ = {
			isa = PBXVariantGroup;
			children = (
				525B8AAE133BEB52006A3728 /* en */,
			);
			name = InfoPlist.strings;
			sourceTree = "<group>";
		};
/* End PBXVariantGroup section */

/* Begin XCBuildConfiguration section */
		525B8AB5133BEB52006A3728 /* Debug */ = {
			isa = XCBuildConfiguration;
			buildSettings = {
				ARCHS = "$(ARCHS_STANDARD_32_64_BIT)";
				GCC_C_LANGUAGE_STANDARD = gnu99;
				GCC_OPTIMIZATION_LEVEL = 0;
				GCC_PREPROCESSOR_DEFINITIONS = DEBUG;
				GCC_SYMBOLS_PRIVATE_EXTERN = NO;
				GCC_VERSION = com.apple.compilers.llvm.clang.1_0;
				GCC_WARN_64_TO_32_BIT_CONVERSION = YES;
				GCC_WARN_ABOUT_RETURN_TYPE = YES;
				GCC_WARN_UNUSED_VARIABLE = YES;
				MACOSX_DEPLOYMENT_TARGET = 10.6;
				ONLY_ACTIVE_ARCH = YES;
				SDKROOT = macosx;
			};
			name = Debug;
		};
		525B8AB6133BEB52006A3728 /* Release */ = {
			isa = XCBuildConfiguration;
			buildSettings = {
				ARCHS = "$(ARCHS_STANDARD_32_64_BIT)";
				GCC_C_LANGUAGE_STANDARD = gnu99;
				GCC_VERSION = com.apple.compilers.llvm.clang.1_0;
				GCC_WARN_64_TO_32_BIT_CONVERSION = YES;
				GCC_WARN_ABOUT_RETURN_TYPE = YES;
				GCC_WARN_UNUSED_VARIABLE = YES;
				MACOSX_DEPLOYMENT_TARGET = 10.6;
				SDKROOT = macosx;
			};
			name = Release;
		};
		525B8AB8133BEB52006A3728 /* Debug */ = {
			isa = XCBuildConfiguration;
			buildSettings = {
				ALWAYS_SEARCH_USER_PATHS = NO;
				COPY_PHASE_STRIP = NO;
				GCC_DYNAMIC_NO_PIC = NO;
				GCC_ENABLE_OBJC_EXCEPTIONS = YES;
				GCC_PRECOMPILE_PREFIX_HEADER = YES;
				GCC_PREFIX_HEADER = "MacEFT/MacEFT-Prefix.pch";
				INFOPLIST_FILE = "MacEFT/MacEFT-Info.plist";
				LIBRARY_SEARCH_PATHS = (
					"$(inherited)",
					"\"$(SRCROOT)\"",
				);
				PRODUCT_NAME = "$(TARGET_NAME)";
				WRAPPER_EXTENSION = app;
			};
			name = Debug;
		};
		525B8AB9133BEB52006A3728 /* Release */ = {
			isa = XCBuildConfiguration;
			buildSettings = {
				ALWAYS_SEARCH_USER_PATHS = NO;
				COPY_PHASE_STRIP = YES;
				DEBUG_INFORMATION_FORMAT = "dwarf-with-dsym";
				GCC_ENABLE_OBJC_EXCEPTIONS = YES;
				GCC_PRECOMPILE_PREFIX_HEADER = YES;
				GCC_PREFIX_HEADER = "MacEFT/MacEFT-Prefix.pch";
				INFOPLIST_FILE = "MacEFT/MacEFT-Info.plist";
				LIBRARY_SEARCH_PATHS = (
					"$(inherited)",
					"\"$(SRCROOT)\"",
				);
				PRODUCT_NAME = "$(TARGET_NAME)";
				WRAPPER_EXTENSION = app;
			};
			name = Release;
		};
		525B8ABB133BEB52006A3728 /* Debug */ = {
			isa = XCBuildConfiguration;
			buildSettings = {
				ALWAYS_SEARCH_USER_PATHS = NO;
				BUNDLE_LOADER = "$(BUILT_PRODUCTS_DIR)/MacEFT.app/Contents/MacOS/MacEFT";
				COPY_PHASE_STRIP = NO;
				FRAMEWORK_SEARCH_PATHS = "$(DEVELOPER_LIBRARY_DIR)/Frameworks";
				GCC_DYNAMIC_NO_PIC = NO;
				GCC_ENABLE_OBJC_EXCEPTIONS = YES;
				GCC_PRECOMPILE_PREFIX_HEADER = YES;
				GCC_PREFIX_HEADER = "MacEFTTests/MacEFTTests-Prefix.pch";
				INFOPLIST_FILE = "MacEFTTests/MacEFTTests-Info.plist";
				OTHER_LDFLAGS = (
					"-framework",
					SenTestingKit,
				);
				PRODUCT_NAME = "$(TARGET_NAME)";
				TEST_HOST = "$(BUNDLE_LOADER)";
				WRAPPER_EXTENSION = octest;
			};
			name = Debug;
		};
		525B8ABC133BEB52006A3728 /* Release */ = {
			isa = XCBuildConfiguration;
			buildSettings = {
				ALWAYS_SEARCH_USER_PATHS = NO;
				BUNDLE_LOADER = "$(BUILT_PRODUCTS_DIR)/MacEFT.app/Contents/MacOS/MacEFT";
				COPY_PHASE_STRIP = YES;
				DEBUG_INFORMATION_FORMAT = "dwarf-with-dsym";
				FRAMEWORK_SEARCH_PATHS = "$(DEVELOPER_LIBRARY_DIR)/Frameworks";
				GCC_ENABLE_OBJC_EXCEPTIONS = YES;
				GCC_PRECOMPILE_PREFIX_HEADER = YES;
				GCC_PREFIX_HEADER = "MacEFTTests/MacEFTTests-Prefix.pch";
				INFOPLIST_FILE = "MacEFTTests/MacEFTTests-Info.plist";
				OTHER_LDFLAGS = (
					"-framework",
					SenTestingKit,
				);
				PRODUCT_NAME = "$(TARGET_NAME)";
				TEST_HOST = "$(BUNDLE_LOADER)";
				WRAPPER_EXTENSION = octest;
			};
			name = Release;
		};
/* End XCBuildConfiguration section */

/* Begin XCConfigurationList section */
		525B8A7F133BEB51006A3728 /* Build configuration list for PBXProject "MacEFT" */ = {
			isa = XCConfigurationList;
			buildConfigurations = (
				525B8AB5133BEB52006A3728 /* Debug */,
				525B8AB6133BEB52006A3728 /* Release */,
			);
			defaultConfigurationIsVisible = 0;
			defaultConfigurationName = Release;
		};
		525B8AB7133BEB52006A3728 /* Build configuration list for PBXNativeTarget "MacEFT" */ = {
			isa = XCConfigurationList;
			buildConfigurations = (
				525B8AB8133BEB52006A3728 /* Debug */,
				525B8AB9133BEB52006A3728 /* Release */,
			);
			defaultConfigurationIsVisible = 0;
			defaultConfigurationName = Release;
		};
		525B8ABA133BEB52006A3728 /* Build configuration list for PBXNativeTarget "MacEFTTests" */ = {
			isa = XCConfigurationList;
			buildConfigurations = (
				525B8ABB133BEB52006A3728 /* Debug */,
				525B8ABC133BEB52006A3728 /* Release */,
			);
			defaultConfigurationIsVisible = 0;
			defaultConfigurationName = Release;
		};
/* End XCConfigurationList section */
	};
	rootObject = 525B8A7C133BEB51006A3728 /* Project object */;
}
